<?xml version="1.0" encoding="utf-8"?>
<Project ToolsVersion="4.0" xmlns="http://schemas.microsoft.com/developer/msbuild/2003">
  <ItemGroup>
    <ClCompile Include="cpmdate.cpp">
      <Filter>Source Files</Filter>
    </ClCompile>
    <ClCompile Include="gas_exchange.cpp">
      <Filter>Source Files</Filter>
    </ClCompile>
    <ClCompile Include="initinfo.cpp">
      <Filter>Source Files</Filter>
    </ClCompile>
    <ClCompile Include="timer.cpp">
      <Filter>Source Files</Filter>
    </ClCompile>
    <ClCompile Include="weather.cpp">
      <Filter>Source Files</Filter>
    </ClCompile>
    <ClCompile Include="stdafx.cpp">
      <Filter>Source Files</Filter>
    </ClCompile>
    <ClCompile Include="radtrans.cpp">
      <Filter>Source Files</Filter>
    </ClCompile>
    <ClCompile Include="Gas_Ex_Species_Param.cpp">
      <Filter>Source Files</Filter>
    </ClCompile>
    <ClCompile Include="solar.cpp">
      <Filter>Source Files</Filter>
    </ClCompile>
    <ClCompile Include="RyeLeaf.cpp">
      <Filter>Source Files</Filter>
    </ClCompile>
    <ClCompile Include="RyeThermalTime.cpp">
      <Filter>Source Files</Filter>
    </ClCompile>
    <ClCompile Include="RyeCrop.cpp">
      <Filter>Source Files</Filter>
    </ClCompile>
    <ClCompile Include="RyeTiller.cpp">
      <Filter>Source Files</Filter>
    </ClCompile>
    <ClCompile Include="RyeInterNode.cpp">
      <Filter>Source Files</Filter>
    </ClCompile>
    <ClCompile Include="RyeDevelopment.cpp">
      <Filter>Source Files</Filter>
    </ClCompile>
    <ClCompile Include="RyePlant.cpp">
      <Filter>Source Files</Filter>
    </ClCompile>
    <ClCompile Include="RyeRoots.cpp">
      <Filter>Source Files</Filter>
    </ClCompile>
    <ClCompile Include="RyeController.cpp">
      <Filter>Source Files</Filter>
    </ClCompile>
  </ItemGroup>
  <ItemGroup>
    <ClInclude Include="cpmdate.h">
      <Filter>Header Files</Filter>
    </ClInclude>
    <ClInclude Include="gas_exchange.h">
      <Filter>Header Files</Filter>
    </ClInclude>
    <ClInclude Include="initinfo.h">
      <Filter>Header Files</Filter>
    </ClInclude>
    <ClInclude Include="resource.h">
      <Filter>Header Files</Filter>
    </ClInclude>
    <ClInclude Include="resource1.h">
      <Filter>Header Files</Filter>
    </ClInclude>
    <ClInclude Include="stdafx.h">
      <Filter>Header Files</Filter>
    </ClInclude>
    <ClInclude Include="timer.h">
      <Filter>Header Files</Filter>
    </ClInclude>
    <ClInclude Include="weather.h">
      <Filter>Header Files</Filter>
    </ClInclude>
    <ClInclude Include="Gas_Ex_Species_Param.h">
      <Filter>Header Files</Filter>
    </ClInclude>
    <ClInclude Include="solar.h">
      <Filter>Header Files</Filter>
    </ClInclude>
    <ClInclude Include="radtrans.h">
      <Filter>Header Files</Filter>
    </ClInclude>
    <ClInclude Include="RyeLeaf.h">
      <Filter>Header Files</Filter>
    </ClInclude>
    <ClInclude Include="RyeThermalTime.h">
      <Filter>Header Files</Filter>
    </ClInclude>
    <ClInclude Include="RyeCrop.h">
      <Filter>Header Files</Filter>
    </ClInclude>
    <ClInclude Include="RyeController.h">
      <Filter>Header Files</Filter>
    </ClInclude>
    <ClInclude Include="RyeDevelopment.h">
      <Filter>Header Files</Filter>
    </ClInclude>
    <ClInclude Include="RyePlant.h">
      <Filter>Header Files</Filter>
    </ClInclude>
    <ClInclude Include="RyeTiller.h">
      <Filter>Header Files</Filter>
    </ClInclude>
    <ClInclude Include="RyeInterNode.h">
      <Filter>Header Files</Filter>
    </ClInclude>
    <ClInclude Include="RyeRoots.h">
      <Filter>Header Files</Filter>
    </ClInclude>
  </ItemGroup>
  <ItemGroup>
    <ResourceCompile Include="RyeSim.rc" />
  </ItemGroup>
  <ItemGroup>
    <Filter Include="Header Files">
      <UniqueIdentifier>{66187cc9-1403-42c5-af66-29f83f09063c}</UniqueIdentifier>
      <Extensions>*.h</Extensions>
    </Filter>
    <Filter Include="Source Files">
      <UniqueIdentifier>{69877327-6bae-43e1-9f33-b4dc1e709550}</UniqueIdentifier>
      <Extensions>*.cpp</Extensions>
    </Filter>
  </ItemGroup>
  <ItemGroup>
    <None Include="RyeSim.vcxproj.filters" />
  </ItemGroup>
</Project>